
Microsoft Visual Studio Solution File, Format Version 10.00
# Visual C# Express 2008
Project("{FAE04EC0-301F-11D3-BF4B-00C04F79EFBC}") = "m4cr0", "m4cr0\m4cr0.csproj", "{9983D01B-5C5A-43E7-BFC4-C847BC57F03B}"
EndProject
Global
	GlobalSection(SolutionConfigurationPlatforms) = preSolution
		Debug|Any CPU = Debug|Any CPU
		Release|Any CPU = Release|Any CPU
	EndGlobalSection
	GlobalSection(ProjectConfigurationPlatforms) = postSolution
		{9983D01B-5C5A-43E7-BFC4-C847BC57F03B}.Debug|Any CPU.ActiveCfg = Debug|Any CPU
		{9983D01B-5C5A-43E7-BFC4-C847BC57F03B}.Debug|Any CPU.Build.0 = Debug|Any CPU
		{9983D01B-5C5A-43E7-BFC4-C847BC57F03B}.Release|Any CPU.ActiveCfg = Release|Any CPU
		{9983D01B-5C5A-43E7-BFC4-C847BC57F03B}.Release|Any CPU.Build.0 = Release|Any CPU
	EndGlobalSection
	GlobalSection(SolutionProperties) = preSolution
		HideSolutionNode = FALSE
	EndGlobalSection
EndGlobal
