
Microsoft Visual Studio Solution File, Format Version 11.00
# Visual C# Express 2010
Project("{FAE04EC0-301F-11D3-BF4B-00C04F79EFBC}") = "myMood", "Client\myMood.csproj", "{38B4DF56-58FB-4AC9-90AF-01A115788FAC}"
EndProject
Global
	GlobalSection(SolutionConfigurationPlatforms) = preSolution
		Debug|Any CPU = Debug|Any CPU
		Release|Any CPU = Release|Any CPU
	EndGlobalSection
	GlobalSection(ProjectConfigurationPlatforms) = postSolution
		{38B4DF56-58FB-4AC9-90AF-01A115788FAC}.Debug|Any CPU.ActiveCfg = Debug|Any CPU
		{38B4DF56-58FB-4AC9-90AF-01A115788FAC}.Debug|Any CPU.Build.0 = Debug|Any CPU
		{38B4DF56-58FB-4AC9-90AF-01A115788FAC}.Release|Any CPU.ActiveCfg = Release|Any CPU
		{38B4DF56-58FB-4AC9-90AF-01A115788FAC}.Release|Any CPU.Build.0 = Release|Any CPU
	EndGlobalSection
	GlobalSection(SolutionProperties) = preSolution
		HideSolutionNode = FALSE
	EndGlobalSection
EndGlobal
