
Microsoft Visual Studio Solution File, Format Version 10.00
# Visual C# Express 2008
Project("{FAE04EC0-301F-11D3-BF4B-00C04F79EFBC}") = "touhourematch", "touhourematch\touhourematch.csproj", "{AD88B919-3909-4E0B-9493-79779F0D2397}"
EndProject
Global
	GlobalSection(SolutionConfigurationPlatforms) = preSolution
		Debug|Any CPU = Debug|Any CPU
		Release|Any CPU = Release|Any CPU
	EndGlobalSection
	GlobalSection(ProjectConfigurationPlatforms) = postSolution
		{AD88B919-3909-4E0B-9493-79779F0D2397}.Debug|Any CPU.ActiveCfg = Debug|Any CPU
		{AD88B919-3909-4E0B-9493-79779F0D2397}.Debug|Any CPU.Build.0 = Debug|Any CPU
		{AD88B919-3909-4E0B-9493-79779F0D2397}.Release|Any CPU.ActiveCfg = Release|Any CPU
		{AD88B919-3909-4E0B-9493-79779F0D2397}.Release|Any CPU.Build.0 = Release|Any CPU
	EndGlobalSection
	GlobalSection(SolutionProperties) = preSolution
		HideSolutionNode = FALSE
	EndGlobalSection
EndGlobal
